
Microsoft Visual Studio Solution File, Format Version 12.00
# Visual Studio Version 17
VisualStudioVersion = 17.4.33110.190
MinimumVisualStudioVersion = 10.0.40219.1
Project("{FAE04EC0-301F-11D3-BF4B-00C04F79EFBC}") = "KoH2Cheat", "KoH2Cheat\KoH2Cheat.csproj", "{894E9C28-A01D-41FA-91AB-1EA2E45D1EC6}"
EndProject
Global
	GlobalSection(SolutionConfigurationPlatforms) = preSolution
		Debug|Any CPU = Debug|Any CPU
		Release|Any CPU = Release|Any CPU
	EndGlobalSection
	GlobalSection(ProjectConfigurationPlatforms) = postSolution
		{894E9C28-A01D-41FA-91AB-1EA2E45D1EC6}.Debug|Any CPU.ActiveCfg = Debug|Any CPU
		{894E9C28-A01D-41FA-91AB-1EA2E45D1EC6}.Debug|Any CPU.Build.0 = Debug|Any CPU
		{894E9C28-A01D-41FA-91AB-1EA2E45D1EC6}.Release|Any CPU.ActiveCfg = Release|Any CPU
		{894E9C28-A01D-41FA-91AB-1EA2E45D1EC6}.Release|Any CPU.Build.0 = Release|Any CPU
	EndGlobalSection
	GlobalSection(SolutionProperties) = preSolution
		HideSolutionNode = FALSE
	EndGlobalSection
	GlobalSection(ExtensibilityGlobals) = postSolution
		SolutionGuid = {A6C84701-5EB0-4DFB-9FE2-1682D9D0907B}
	EndGlobalSection
EndGlobal
