
Microsoft Visual Studio Solution File, Format Version 12.00
# Visual Studio Version 17
VisualStudioVersion = 17.4.33110.190
MinimumVisualStudioVersion = 10.0.40219.1
Project("{FAE04EC0-301F-11D3-BF4B-00C04F79EFBC}") = "MelonModKoH2Cheat", "MelonModKoH2Cheat\MelonModKoH2Cheat.csproj", "{8E8AB55D-9A3F-4B5E-921D-B044CEE3AC5F}"
EndProject
Global
	GlobalSection(SolutionConfigurationPlatforms) = preSolution
		Debug|Any CPU = Debug|Any CPU
		Release|Any CPU = Release|Any CPU
	EndGlobalSection
	GlobalSection(ProjectConfigurationPlatforms) = postSolution
		{8E8AB55D-9A3F-4B5E-921D-B044CEE3AC5F}.Debug|Any CPU.ActiveCfg = Debug|Any CPU
		{8E8AB55D-9A3F-4B5E-921D-B044CEE3AC5F}.Debug|Any CPU.Build.0 = Debug|Any CPU
		{8E8AB55D-9A3F-4B5E-921D-B044CEE3AC5F}.Release|Any CPU.ActiveCfg = Release|Any CPU
		{8E8AB55D-9A3F-4B5E-921D-B044CEE3AC5F}.Release|Any CPU.Build.0 = Release|Any CPU
	EndGlobalSection
	GlobalSection(SolutionProperties) = preSolution
		HideSolutionNode = FALSE
	EndGlobalSection
	GlobalSection(ExtensibilityGlobals) = postSolution
		SolutionGuid = {75CB0496-DCBE-4013-AAC6-03BEF2CF5BCA}
	EndGlobalSection
EndGlobal
